// !$*UTF8*$!
{
	archiveVersion = 1;
	classes = {
	};
	objectVersion = 46;
	objects = {

/* Begin PBXBuildFile section */
		45439BEE1C40A9AD00F55EF3 /* AppDelegate.swift in Sources */ = {isa = PBXBuildFile; fileRef = 45439BED1C40A9AD00F55EF3 /* AppDelegate.swift */; };
		45439BF01C40A9AD00F55EF3 /* ViewController.swift in Sources */ = {isa = PBXBuildFile; fileRef = 45439BEF1C40A9AD00F55EF3 /* ViewController.swift */; };
		45439BF31C40A9AD00F55EF3 /* Main.storyboard in Resources */ = {isa = PBXBuildFile; fileRef = 45439BF11C40A9AD00F55EF3 /* Main.storyboard */; };
		45439BF51C40A9AD00F55EF3 /* Assets.xcassets in Resources */ = {isa = PBXBuildFile; fileRef = 45439BF41C40A9AD00F55EF3 /* Assets.xcassets */; };
		45439BF81C40A9AD00F55EF3 /* LaunchScreen.storyboard in Resources */ = {isa = PBXBuildFile; fileRef = 45439BF61C40A9AD00F55EF3 /* LaunchScreen.storyboard */; };
		45439C001C40BC1D00F55EF3 /* Minecraft.ttf in Resources */ = {isa = PBXBuildFile; fileRef = 45439BFF1C40BC1D00F55EF3 /* Minecraft.ttf */; };
		45439C021C40C3BD00F55EF3 /* btn.wav in Resources */ = {isa = PBXBuildFile; fileRef = 45439C011C40C3BD00F55EF3 /* btn.wav */; };
/* End PBXBuildFile section */

/* Begin PBXFileReference section */
		45439BEA1C40A9AD00F55EF3 /* retro-calculator-Devslopes class.app */ = {isa = PBXFileReference; explicitFileType = wrapper.application; includeInIndex = 0; path = "retro-calculator-Devslopes class.app"; sourceTree = BUILT_PRODUCTS_DIR; };
		45439BED1C40A9AD00F55EF3 /* AppDelegate.swift */ = {isa = PBXFileReference; lastKnownFileType = sourcecode.swift; path = AppDelegate.swift; sourceTree = "<group>"; };
		45439BEF1C40A9AD00F55EF3 /* ViewController.swift */ = {isa = PBXFileReference; lastKnownFileType = sourcecode.swift; path = ViewController.swift; sourceTree = "<group>"; };
		45439BF21C40A9AD00F55EF3 /* Base */ = {isa = PBXFileReference; lastKnownFileType = file.storyboard; name = Base; path = Base.lproj/Main.storyboard; sourceTree = "<group>"; };
		45439BF41C40A9AD00F55EF3 /* Assets.xcassets */ = {isa = PBXFileReference; lastKnownFileType = folder.assetcatalog; path = Assets.xcassets; sourceTree = "<group>"; };
		45439BF71C40A9AD00F55EF3 /* Base */ = {isa = PBXFileReference; lastKnownFileType = file.storyboard; name = Base; path = Base.lproj/LaunchScreen.storyboard; sourceTree = "<group>"; };
		45439BF91C40A9AD00F55EF3 /* Info.plist */ = {isa = PBXFileReference; lastKnownFileType = text.plist.xml; path = Info.plist; sourceTree = "<group>"; };
		45439BFF1C40BC1D00F55EF3 /* Minecraft.ttf */ = {isa = PBXFileReference; lastKnownFileType = file; path = Minecraft.ttf; sourceTree = "<group>"; };
		45439C011C40C3BD00F55EF3 /* btn.wav */ = {isa = PBXFileReference; lastKnownFileType = audio.wav; path = btn.wav; sourceTree = "<group>"; };
/* End PBXFileReference section */

/* Begin PBXFrameworksBuildPhase section */
		45439BE71C40A9AD00F55EF3 /* Frameworks */ = {
			isa = PBXFrameworksBuildPhase;
			buildActionMask = 2147483647;
			files = (
			);
			runOnlyForDeploymentPostprocessing = 0;
		};
/* End PBXFrameworksBuildPhase section */

/* Begin PBXGroup section */
		45439BE11C40A9AD00F55EF3 = {
			isa = PBXGroup;
			children = (
				45439BEC1C40A9AD00F55EF3 /* retro-calculator-Devslopes class */,
				45439BEB1C40A9AD00F55EF3 /* Products */,
			);
			sourceTree = "<group>";
		};
		45439BEB1C40A9AD00F55EF3 /* Products */ = {
			isa = PBXGroup;
			children = (
				45439BEA1C40A9AD00F55EF3 /* retro-calculator-Devslopes class.app */,
			);
			name = Products;
			sourceTree = "<group>";
		};
		45439BEC1C40A9AD00F55EF3 /* retro-calculator-Devslopes class */ = {
			isa = PBXGroup;
			children = (
				45439BFF1C40BC1D00F55EF3 /* Minecraft.ttf */,
				45439C011C40C3BD00F55EF3 /* btn.wav */,
				45439BED1C40A9AD00F55EF3 /* AppDelegate.swift */,
				45439BEF1C40A9AD00F55EF3 /* ViewController.swift */,
				45439BF11C40A9AD00F55EF3 /* Main.storyboard */,
				45439BF41C40A9AD00F55EF3 /* Assets.xcassets */,
				45439BF61C40A9AD00F55EF3 /* LaunchScreen.storyboard */,
				45439BF91C40A9AD00F55EF3 /* Info.plist */,
			);
			path = "retro-calculator-Devslopes class";
			sourceTree = "<group>";
		};
/* End PBXGroup section */

/* Begin PBXNativeTarget section */
		45439BE91C40A9AD00F55EF3 /* retro-calculator-Devslopes class */ = {
			isa = PBXNativeTarget;
			buildConfigurationList = 45439BFC1C40A9AD00F55EF3 /* Build configuration list for PBXNativeTarget "retro-calculator-Devslopes class" */;
			buildPhases = (
				45439BE61C40A9AD00F55EF3 /* Sources */,
				45439BE71C40A9AD00F55EF3 /* Frameworks */,
				45439BE81C40A9AD00F55EF3 /* Resources */,
			);
			buildRules = (
			);
			dependencies = (
			);
			name = "retro-calculator-Devslopes class";
			productName = "retro-calculator-Devslopes class";
			productReference = 45439BEA1C40A9AD00F55EF3 /* retro-calculator-Devslopes class.app */;
			productType = "com.apple.product-type.application";
		};
/* End PBXNativeTarget section */

/* Begin PBXProject section */
		45439BE21C40A9AD00F55EF3 /* Project object */ = {
			isa = PBXProject;
			attributes = {
				LastSwiftUpdateCheck = 0720;
				LastUpgradeCheck = 0720;
				ORGANIZATIONNAME = "Chase Drum";
				TargetAttributes = {
					45439BE91C40A9AD00F55EF3 = {
						CreatedOnToolsVersion = 7.2;
					};
				};
			};
			buildConfigurationList = 45439BE51C40A9AD00F55EF3 /* Build configuration list for PBXProject "retro-calculator-Devslopes class" */;
			compatibilityVersion = "Xcode 3.2";
			developmentRegion = English;
			hasScannedForEncodings = 0;
			knownRegions = (
				en,
				Base,
			);
			mainGroup = 45439BE11C40A9AD00F55EF3;
			productRefGroup = 45439BEB1C40A9AD00F55EF3 /* Products */;
			projectDirPath = "";
			projectRoot = "";
			targets = (
				45439BE91C40A9AD00F55EF3 /* retro-calculator-Devslopes class */,
			);
		};
/* End PBXProject section */

/* Begin PBXResourcesBuildPhase section */
		45439BE81C40A9AD00F55EF3 /* Resources */ = {
			isa = PBXResourcesBuildPhase;
			buildActionMask = 2147483647;
			files = (
				45439C021C40C3BD00F55EF3 /* btn.wav in Resources */,
				45439BF81C40A9AD00F55EF3 /* LaunchScreen.storyboard in Resources */,
				45439BF51C40A9AD00F55EF3 /* Assets.xcassets in Resources */,
				45439C001C40BC1D00F55EF3 /* Minecraft.ttf in Resources */,
				45439BF31C40A9AD00F55EF3 /* Main.storyboard in Resources */,
			);
			runOnlyForDeploymentPostprocessing = 0;
		};
/* End PBXResourcesBuildPhase section */

/* Begin PBXSourcesBuildPhase section */
		45439BE61C40A9AD00F55EF3 /* Sources */ = {
			isa = PBXSourcesBuildPhase;
			buildActionMask = 2147483647;
			files = (
				45439BF01C40A9AD00F55EF3 /* ViewController.swift in Sources */,
				45439BEE1C40A9AD00F55EF3 /* AppDelegate.swift in Sources */,
			);
			runOnlyForDeploymentPostprocessing = 0;
		};
/* End PBXSourcesBuildPhase section */

/* Begin PBXVariantGroup section */
		45439BF11C40A9AD00F55EF3 /* Main.storyboard */ = {
			isa = PBXVariantGroup;
			children = (
				45439BF21C40A9AD00F55EF3 /* Base */,
			);
			name = Main.storyboard;
			sourceTree = "<group>";
		};
		45439BF61C40A9AD00F55EF3 /* LaunchScreen.storyboard */ = {
			isa = PBXVariantGroup;
			children = (
				45439BF71C40A9AD00F55EF3 /* Base */,
			);
			name = LaunchScreen.storyboard;
			sourceTree = "<group>";
		};
/* End PBXVariantGroup section */

/* Begin XCBuildConfiguration section */
		45439BFA1C40A9AD00F55EF3 /* Debug */ = {
			isa = XCBuildConfiguration;
			buildSettings = {
				ALWAYS_SEARCH_USER_PATHS = NO;
				CLANG_CXX_LANGUAGE_STANDARD = "gnu++0x";
				CLANG_CXX_LIBRARY = "libc++";
				CLANG_ENABLE_MODULES = YES;
				CLANG_ENABLE_OBJC_ARC = YES;
				CLANG_WARN_BOOL_CONVERSION = YES;
				CLANG_WARN_CONSTANT_CONVERSION = YES;
				CLANG_WARN_DIRECT_OBJC_ISA_USAGE = YES_ERROR;
				CLANG_WARN_EMPTY_BODY = YES;
				CLANG_WARN_ENUM_CONVERSION = YES;
				CLANG_WARN_INT_CONVERSION = YES;
				CLANG_WARN_OBJC_ROOT_CLASS = YES_ERROR;
				CLANG_WARN_UNREACHABLE_CODE = YES;
				CLANG_WARN__DUPLICATE_METHOD_MATCH = YES;
				"CODE_SIGN_IDENTITY[sdk=iphoneos*]" = "iPhone Developer";
				COPY_PHASE_STRIP = NO;
				DEBUG_INFORMATION_FORMAT = dwarf;
				ENABLE_STRICT_OBJC_MSGSEND = YES;
				ENABLE_TESTABILITY = YES;
				GCC_C_LANGUAGE_STANDARD = gnu99;
				GCC_DYNAMIC_NO_PIC = NO;
				GCC_NO_COMMON_BLOCKS = YES;
				GCC_OPTIMIZATION_LEVEL = 0;
				GCC_PREPROCESSOR_DEFINITIONS = (
					"DEBUG=1",
					"$(inherited)",
				);
				GCC_WARN_64_TO_32_BIT_CONVERSION = YES;
				GCC_WARN_ABOUT_RETURN_TYPE = YES_ERROR;
				GCC_WARN_UNDECLARED_SELECTOR = YES;
				GCC_WARN_UNINITIALIZED_AUTOS = YES_AGGRESSIVE;
				GCC_WARN_UNUSED_FUNCTION = YES;
				GCC_WARN_UNUSED_VARIABLE = YES;
				IPHONEOS_DEPLOYMENT_TARGET = 9.2;
				MTL_ENABLE_DEBUG_INFO = YES;
				ONLY_ACTIVE_ARCH = YES;
				SDKROOT = iphoneos;
				SWIFT_OPTIMIZATION_LEVEL = "-Onone";
				TARGETED_DEVICE_FAMILY = "1,2";
			};
			name = Debug;
		};
		45439BFB1C40A9AD00F55EF3 /* Release */ = {
			isa = XCBuildConfiguration;
			buildSettings = {
				ALWAYS_SEARCH_USER_PATHS = NO;
				CLANG_CXX_LANGUAGE_STANDARD = "gnu++0x";
				CLANG_CXX_LIBRARY = "libc++";
				CLANG_ENABLE_MODULES = YES;
				CLANG_ENABLE_OBJC_ARC = YES;
				CLANG_WARN_BOOL_CONVERSION = YES;
				CLANG_WARN_CONSTANT_CONVERSION = YES;
				CLANG_WARN_DIRECT_OBJC_ISA_USAGE = YES_ERROR;
				CLANG_WARN_EMPTY_BODY = YES;
				CLANG_WARN_ENUM_CONVERSION = YES;
				CLANG_WARN_INT_CONVERSION = YES;
				CLANG_WARN_OBJC_ROOT_CLASS = YES_ERROR;
				CLANG_WARN_UNREACHABLE_CODE = YES;
				CLANG_WARN__DUPLICATE_METHOD_MATCH = YES;
				"CODE_SIGN_IDENTITY[sdk=iphoneos*]" = "iPhone Developer";
				COPY_PHASE_STRIP = NO;
				DEBUG_INFORMATION_FORMAT = "dwarf-with-dsym";
				ENABLE_NS_ASSERTIONS = NO;
				ENABLE_STRICT_OBJC_MSGSEND = YES;
				GCC_C_LANGUAGE_STANDARD = gnu99;
				GCC_NO_COMMON_BLOCKS = YES;
				GCC_WARN_64_TO_32_BIT_CONVERSION = YES;
				GCC_WARN_ABOUT_RETURN_TYPE = YES_ERROR;
				GCC_WARN_UNDECLARED_SELECTOR = YES;
				GCC_WARN_UNINITIALIZED_AUTOS = YES_AGGRESSIVE;
				GCC_WARN_UNUSED_FUNCTION = YES;
				GCC_WARN_UNUSED_VARIABLE = YES;
				IPHONEOS_DEPLOYMENT_TARGET = 9.2;
				MTL_ENABLE_DEBUG_INFO = NO;
				SDKROOT = iphoneos;
				TARGETED_DEVICE_FAMILY = "1,2";
				VALIDATE_PRODUCT = YES;
			};
			name = Release;
		};
		45439BFD1C40A9AD00F55EF3 /* Debug */ = {
			isa = XCBuildConfiguration;
			buildSettings = {
				ASSETCATALOG_COMPILER_APPICON_NAME = AppIcon;
				INFOPLIST_FILE = "retro-calculator-Devslopes class/Info.plist";
				LD_RUNPATH_SEARCH_PATHS = "$(inherited) @executable_path/Frameworks";
				PRODUCT_BUNDLE_IDENTIFIER = "com.Chase.retro-calculator-Devslopes-class";
				PRODUCT_NAME = "$(TARGET_NAME)";
			};
			name = Debug;
		};
		45439BFE1C40A9AD00F55EF3 /* Release */ = {
			isa = XCBuildConfiguration;
			buildSettings = {
				ASSETCATALOG_COMPILER_APPICON_NAME = AppIcon;
				INFOPLIST_FILE = "retro-calculator-Devslopes class/Info.plist";
				LD_RUNPATH_SEARCH_PATHS = "$(inherited) @executable_path/Frameworks";
				PRODUCT_BUNDLE_IDENTIFIER = "com.Chase.retro-calculator-Devslopes-class";
				PRODUCT_NAME = "$(TARGET_NAME)";
			};
			name = Release;
		};
/* End XCBuildConfiguration section */

/* Begin XCConfigurationList section */
		45439BE51C40A9AD00F55EF3 /* Build configuration list for PBXProject "retro-calculator-Devslopes class" */ = {
			isa = XCConfigurationList;
			buildConfigurations = (
				45439BFA1C40A9AD00F55EF3 /* Debug */,
				45439BFB1C40A9AD00F55EF3 /* Release */,
			);
			defaultConfigurationIsVisible = 0;
			defaultConfigurationName = Release;
		};
		45439BFC1C40A9AD00F55EF3 /* Build configuration list for PBXNativeTarget "retro-calculator-Devslopes class" */ = {
			isa = XCConfigurationList;
			buildConfigurations = (
				45439BFD1C40A9AD00F55EF3 /* Debug */,
				45439BFE1C40A9AD00F55EF3 /* Release */,
			);
			defaultConfigurationIsVisible = 0;
		};
/* End XCConfigurationList section */
	};
	rootObject = 45439BE21C40A9AD00F55EF3 /* Project object */;
}
